
Microsoft Visual Studio Solution File, Format Version 11.00
# Visual Basic Express 2010
Project("{F184B08F-C81C-45F6-A57F-5ABD9991F28F}") = "RunLotsiaPDM", "RunLotsiaPDM\RunLotsiaPDM.vbproj", "{EAC9FBF1-D166-4A0F-BD6C-EE75501C60E5}"
EndProject
Global
	GlobalSection(SolutionConfigurationPlatforms) = preSolution
		Debug|x86 = Debug|x86
		Release|x86 = Release|x86
	EndGlobalSection
	GlobalSection(ProjectConfigurationPlatforms) = postSolution
		{EAC9FBF1-D166-4A0F-BD6C-EE75501C60E5}.Debug|x86.ActiveCfg = Debug|x86
		{EAC9FBF1-D166-4A0F-BD6C-EE75501C60E5}.Debug|x86.Build.0 = Debug|x86
		{EAC9FBF1-D166-4A0F-BD6C-EE75501C60E5}.Release|x86.ActiveCfg = Release|x86
		{EAC9FBF1-D166-4A0F-BD6C-EE75501C60E5}.Release|x86.Build.0 = Release|x86
	EndGlobalSection
	GlobalSection(SolutionProperties) = preSolution
		HideSolutionNode = FALSE
	EndGlobalSection
EndGlobal
